// !$*UTF8*$!
{
	archiveVersion = 1;
	classes = {
	};
	objectVersion = 56;
	objects = {

/* Begin PBXBuildFile section */
		B964D2682B8F2010004BF878 /* AppDelegate.swift in Sources */ = {isa = PBXBuildFile; fileRef = B964D2672B8F2010004BF878 /* AppDelegate.swift */; };
		B964D26A2B8F2010004BF878 /* SceneDelegate.swift in Sources */ = {isa = PBXBuildFile; fileRef = B964D2692B8F2010004BF878 /* SceneDelegate.swift */; };
		B964D26C2B8F2010004BF878 /* ViewController.swift in Sources */ = {isa = PBXBuildFile; fileRef = B964D26B2B8F2010004BF878 /* ViewController.swift */; };
		B964D2712B8F2011004BF878 /* Assets.xcassets in Resources */ = {isa = PBXBuildFile; fileRef = B964D2702B8F2011004BF878 /* Assets.xcassets */; };
		B964D27C2B8F21A8004BF878 /* CollectionViewCell.swift in Sources */ = {isa = PBXBuildFile; fileRef = B964D27B2B8F21A8004BF878 /* CollectionViewCell.swift */; };
		B964D27E2B8F252E004BF878 /* GradientButton.swift in Sources */ = {isa = PBXBuildFile; fileRef = B964D27D2B8F252E004BF878 /* GradientButton.swift */; };
		B964D2802B8F2574004BF878 /* Constant.swift in Sources */ = {isa = PBXBuildFile; fileRef = B964D27F2B8F2574004BF878 /* Constant.swift */; };
		B964D2822B8F28F9004BF878 /* Slider.swift in Sources */ = {isa = PBXBuildFile; fileRef = B964D2812B8F28F9004BF878 /* Slider.swift */; };
		B964D2842B8F2941004BF878 /* TableView.swift in Sources */ = {isa = PBXBuildFile; fileRef = B964D2832B8F2941004BF878 /* TableView.swift */; };
		B964D2862B8F2974004BF878 /* DrawHearts.swift in Sources */ = {isa = PBXBuildFile; fileRef = B964D2852B8F2974004BF878 /* DrawHearts.swift */; };
		B964D2882B8F29C7004BF878 /* GravityXcode.swift in Sources */ = {isa = PBXBuildFile; fileRef = B964D2872B8F29C7004BF878 /* GravityXcode.swift */; };
		B964D28A2B8F29F1004BF878 /* RainAndThunder.swift in Sources */ = {isa = PBXBuildFile; fileRef = B964D2892B8F29F1004BF878 /* RainAndThunder.swift */; };
		B964D2932B8F30A6004BF878 /* UIBezier.swift in Sources */ = {isa = PBXBuildFile; fileRef = B964D2922B8F30A6004BF878 /* UIBezier.swift */; };
		B964D2952B8F311C004BF878 /* PresentController.swift in Sources */ = {isa = PBXBuildFile; fileRef = B964D2942B8F311C004BF878 /* PresentController.swift */; };
		B964D2972B8F318F004BF878 /* ButtonCast.swift in Sources */ = {isa = PBXBuildFile; fileRef = B964D2962B8F318F004BF878 /* ButtonCast.swift */; };
		B964D2992B8F3462004BF878 /* CustomTableViewCell.swift in Sources */ = {isa = PBXBuildFile; fileRef = B964D2982B8F3462004BF878 /* CustomTableViewCell.swift */; };
		B964D29B2B8F3AA9004BF878 /* CustomSlider.swift in Sources */ = {isa = PBXBuildFile; fileRef = B964D29A2B8F3AA9004BF878 /* CustomSlider.swift */; };
/* End PBXBuildFile section */

/* Begin PBXFileReference section */
		B964D2642B8F2010004BF878 /* UIKit-Animations.app */ = {isa = PBXFileReference; explicitFileType = wrapper.application; includeInIndex = 0; path = "UIKit-Animations.app"; sourceTree = BUILT_PRODUCTS_DIR; };
		B964D2672B8F2010004BF878 /* AppDelegate.swift */ = {isa = PBXFileReference; lastKnownFileType = sourcecode.swift; path = AppDelegate.swift; sourceTree = "<group>"; };
		B964D2692B8F2010004BF878 /* SceneDelegate.swift */ = {isa = PBXFileReference; lastKnownFileType = sourcecode.swift; path = SceneDelegate.swift; sourceTree = "<group>"; };
		B964D26B2B8F2010004BF878 /* ViewController.swift */ = {isa = PBXFileReference; lastKnownFileType = sourcecode.swift; path = ViewController.swift; sourceTree = "<group>"; };
		B964D2702B8F2011004BF878 /* Assets.xcassets */ = {isa = PBXFileReference; lastKnownFileType = folder.assetcatalog; path = Assets.xcassets; sourceTree = "<group>"; };
		B964D2752B8F2011004BF878 /* Info.plist */ = {isa = PBXFileReference; lastKnownFileType = text.plist.xml; path = Info.plist; sourceTree = "<group>"; };
		B964D27B2B8F21A8004BF878 /* CollectionViewCell.swift */ = {isa = PBXFileReference; lastKnownFileType = sourcecode.swift; path = CollectionViewCell.swift; sourceTree = "<group>"; };
		B964D27D2B8F252E004BF878 /* GradientButton.swift */ = {isa = PBXFileReference; lastKnownFileType = sourcecode.swift; path = GradientButton.swift; sourceTree = "<group>"; };
		B964D27F2B8F2574004BF878 /* Constant.swift */ = {isa = PBXFileReference; lastKnownFileType = sourcecode.swift; path = Constant.swift; sourceTree = "<group>"; };
		B964D2812B8F28F9004BF878 /* Slider.swift */ = {isa = PBXFileReference; lastKnownFileType = sourcecode.swift; path = Slider.swift; sourceTree = "<group>"; };
		B964D2832B8F2941004BF878 /* TableView.swift */ = {isa = PBXFileReference; lastKnownFileType = sourcecode.swift; path = TableView.swift; sourceTree = "<group>"; };
		B964D2852B8F2974004BF878 /* DrawHearts.swift */ = {isa = PBXFileReference; lastKnownFileType = sourcecode.swift; path = DrawHearts.swift; sourceTree = "<group>"; };
		B964D2872B8F29C7004BF878 /* GravityXcode.swift */ = {isa = PBXFileReference; lastKnownFileType = sourcecode.swift; path = GravityXcode.swift; sourceTree = "<group>"; };
		B964D2892B8F29F1004BF878 /* RainAndThunder.swift */ = {isa = PBXFileReference; lastKnownFileType = sourcecode.swift; path = RainAndThunder.swift; sourceTree = "<group>"; };
		B964D2922B8F30A6004BF878 /* UIBezier.swift */ = {isa = PBXFileReference; lastKnownFileType = sourcecode.swift; path = UIBezier.swift; sourceTree = "<group>"; };
		B964D2942B8F311C004BF878 /* PresentController.swift */ = {isa = PBXFileReference; lastKnownFileType = sourcecode.swift; path = PresentController.swift; sourceTree = "<group>"; };
		B964D2962B8F318F004BF878 /* ButtonCast.swift */ = {isa = PBXFileReference; lastKnownFileType = sourcecode.swift; path = ButtonCast.swift; sourceTree = "<group>"; };
		B964D2982B8F3462004BF878 /* CustomTableViewCell.swift */ = {isa = PBXFileReference; lastKnownFileType = sourcecode.swift; path = CustomTableViewCell.swift; sourceTree = "<group>"; };
		B964D29A2B8F3AA9004BF878 /* CustomSlider.swift */ = {isa = PBXFileReference; lastKnownFileType = sourcecode.swift; path = CustomSlider.swift; sourceTree = "<group>"; };
/* End PBXFileReference section */

/* Begin PBXFrameworksBuildPhase section */
		B964D2612B8F2010004BF878 /* Frameworks */ = {
			isa = PBXFrameworksBuildPhase;
			buildActionMask = 2147483647;
			files = (
			);
			runOnlyForDeploymentPostprocessing = 0;
		};
/* End PBXFrameworksBuildPhase section */

/* Begin PBXGroup section */
		B964D25B2B8F2010004BF878 = {
			isa = PBXGroup;
			children = (
				B964D2662B8F2010004BF878 /* UIKit-Animations */,
				B964D2652B8F2010004BF878 /* Products */,
			);
			sourceTree = "<group>";
		};
		B964D2652B8F2010004BF878 /* Products */ = {
			isa = PBXGroup;
			children = (
				B964D2642B8F2010004BF878 /* UIKit-Animations.app */,
			);
			name = Products;
			sourceTree = "<group>";
		};
		B964D2662B8F2010004BF878 /* UIKit-Animations */ = {
			isa = PBXGroup;
			children = (
				B964D2672B8F2010004BF878 /* AppDelegate.swift */,
				B964D2692B8F2010004BF878 /* SceneDelegate.swift */,
				B964D27F2B8F2574004BF878 /* Constant.swift */,
				B964D28E2B8F2F74004BF878 /* TableView */,
				B964D28D2B8F2F6D004BF878 /* Slider */,
				B964D28C2B8F2F56004BF878 /* GradientButton */,
				B964D2912B8F2FA0004BF878 /* RainAndThunder */,
				B964D2902B8F2F93004BF878 /* GravityXcode */,
				B964D28F2B8F2F84004BF878 /* DrawHearts */,
				B964D28B2B8F2F40004BF878 /* RootController */,
				B964D2702B8F2011004BF878 /* Assets.xcassets */,
				B964D2752B8F2011004BF878 /* Info.plist */,
			);
			path = "UIKit-Animations";
			sourceTree = "<group>";
		};
		B964D28B2B8F2F40004BF878 /* RootController */ = {
			isa = PBXGroup;
			children = (
				B964D26B2B8F2010004BF878 /* ViewController.swift */,
				B964D27B2B8F21A8004BF878 /* CollectionViewCell.swift */,
			);
			path = RootController;
			sourceTree = "<group>";
		};
		B964D28C2B8F2F56004BF878 /* GradientButton */ = {
			isa = PBXGroup;
			children = (
				B964D27D2B8F252E004BF878 /* GradientButton.swift */,
			);
			path = GradientButton;
			sourceTree = "<group>";
		};
		B964D28D2B8F2F6D004BF878 /* Slider */ = {
			isa = PBXGroup;
			children = (
				B964D2812B8F28F9004BF878 /* Slider.swift */,
				B964D29A2B8F3AA9004BF878 /* CustomSlider.swift */,
			);
			path = Slider;
			sourceTree = "<group>";
		};
		B964D28E2B8F2F74004BF878 /* TableView */ = {
			isa = PBXGroup;
			children = (
				B964D2832B8F2941004BF878 /* TableView.swift */,
				B964D2982B8F3462004BF878 /* CustomTableViewCell.swift */,
			);
			path = TableView;
			sourceTree = "<group>";
		};
		B964D28F2B8F2F84004BF878 /* DrawHearts */ = {
			isa = PBXGroup;
			children = (
				B964D2852B8F2974004BF878 /* DrawHearts.swift */,
				B964D2962B8F318F004BF878 /* ButtonCast.swift */,
				B964D2922B8F30A6004BF878 /* UIBezier.swift */,
				B964D2942B8F311C004BF878 /* PresentController.swift */,
			);
			path = DrawHearts;
			sourceTree = "<group>";
		};
		B964D2902B8F2F93004BF878 /* GravityXcode */ = {
			isa = PBXGroup;
			children = (
				B964D2872B8F29C7004BF878 /* GravityXcode.swift */,
			);
			path = GravityXcode;
			sourceTree = "<group>";
		};
		B964D2912B8F2FA0004BF878 /* RainAndThunder */ = {
			isa = PBXGroup;
			children = (
				B964D2892B8F29F1004BF878 /* RainAndThunder.swift */,
			);
			path = RainAndThunder;
			sourceTree = "<group>";
		};
/* End PBXGroup section */

/* Begin PBXNativeTarget section */
		B964D2632B8F2010004BF878 /* UIKit-Animations */ = {
			isa = PBXNativeTarget;
			buildConfigurationList = B964D2782B8F2011004BF878 /* Build configuration list for PBXNativeTarget "UIKit-Animations" */;
			buildPhases = (
				B964D2602B8F2010004BF878 /* Sources */,
				B964D2612B8F2010004BF878 /* Frameworks */,
				B964D2622B8F2010004BF878 /* Resources */,
			);
			buildRules = (
			);
			dependencies = (
			);
			name = "UIKit-Animations";
			productName = "UIKit-Animations";
			productReference = B964D2642B8F2010004BF878 /* UIKit-Animations.app */;
			productType = "com.apple.product-type.application";
		};
/* End PBXNativeTarget section */

/* Begin PBXProject section */
		B964D25C2B8F2010004BF878 /* Project object */ = {
			isa = PBXProject;
			attributes = {
				BuildIndependentTargetsInParallel = 1;
				LastSwiftUpdateCheck = 1520;
				LastUpgradeCheck = 1520;
				TargetAttributes = {
					B964D2632B8F2010004BF878 = {
						CreatedOnToolsVersion = 15.2;
					};
				};
			};
			buildConfigurationList = B964D25F2B8F2010004BF878 /* Build configuration list for PBXProject "UIKit-Animations" */;
			compatibilityVersion = "Xcode 14.0";
			developmentRegion = en;
			hasScannedForEncodings = 0;
			knownRegions = (
				en,
				Base,
			);
			mainGroup = B964D25B2B8F2010004BF878;
			productRefGroup = B964D2652B8F2010004BF878 /* Products */;
			projectDirPath = "";
			projectRoot = "";
			targets = (
				B964D2632B8F2010004BF878 /* UIKit-Animations */,
			);
		};
/* End PBXProject section */

/* Begin PBXResourcesBuildPhase section */
		B964D2622B8F2010004BF878 /* Resources */ = {
			isa = PBXResourcesBuildPhase;
			buildActionMask = 2147483647;
			files = (
				B964D2712B8F2011004BF878 /* Assets.xcassets in Resources */,
			);
			runOnlyForDeploymentPostprocessing = 0;
		};
/* End PBXResourcesBuildPhase section */

/* Begin PBXSourcesBuildPhase section */
		B964D2602B8F2010004BF878 /* Sources */ = {
			isa = PBXSourcesBuildPhase;
			buildActionMask = 2147483647;
			files = (
				B964D2932B8F30A6004BF878 /* UIBezier.swift in Sources */,
				B964D28A2B8F29F1004BF878 /* RainAndThunder.swift in Sources */,
				B964D2862B8F2974004BF878 /* DrawHearts.swift in Sources */,
				B964D26C2B8F2010004BF878 /* ViewController.swift in Sources */,
				B964D27C2B8F21A8004BF878 /* CollectionViewCell.swift in Sources */,
				B964D2682B8F2010004BF878 /* AppDelegate.swift in Sources */,
				B964D2992B8F3462004BF878 /* CustomTableViewCell.swift in Sources */,
				B964D2972B8F318F004BF878 /* ButtonCast.swift in Sources */,
				B964D2952B8F311C004BF878 /* PresentController.swift in Sources */,
				B964D27E2B8F252E004BF878 /* GradientButton.swift in Sources */,
				B964D26A2B8F2010004BF878 /* SceneDelegate.swift in Sources */,
				B964D29B2B8F3AA9004BF878 /* CustomSlider.swift in Sources */,
				B964D2882B8F29C7004BF878 /* GravityXcode.swift in Sources */,
				B964D2842B8F2941004BF878 /* TableView.swift in Sources */,
				B964D2802B8F2574004BF878 /* Constant.swift in Sources */,
				B964D2822B8F28F9004BF878 /* Slider.swift in Sources */,
			);
			runOnlyForDeploymentPostprocessing = 0;
		};
/* End PBXSourcesBuildPhase section */

/* Begin XCBuildConfiguration section */
		B964D2762B8F2011004BF878 /* Debug */ = {
			isa = XCBuildConfiguration;
			buildSettings = {
				ALWAYS_SEARCH_USER_PATHS = NO;
				ASSETCATALOG_COMPILER_GENERATE_SWIFT_ASSET_SYMBOL_EXTENSIONS = YES;
				CLANG_ANALYZER_NONNULL = YES;
				CLANG_ANALYZER_NUMBER_OBJECT_CONVERSION = YES_AGGRESSIVE;
				CLANG_CXX_LANGUAGE_STANDARD = "gnu++20";
				CLANG_ENABLE_MODULES = YES;
				CLANG_ENABLE_OBJC_ARC = YES;
				CLANG_ENABLE_OBJC_WEAK = YES;
				CLANG_WARN_BLOCK_CAPTURE_AUTORELEASING = YES;
				CLANG_WARN_BOOL_CONVERSION = YES;
				CLANG_WARN_COMMA = YES;
				CLANG_WARN_CONSTANT_CONVERSION = YES;
				CLANG_WARN_DEPRECATED_OBJC_IMPLEMENTATIONS = YES;
				CLANG_WARN_DIRECT_OBJC_ISA_USAGE = YES_ERROR;
				CLANG_WARN_DOCUMENTATION_COMMENTS = YES;
				CLANG_WARN_EMPTY_BODY = YES;
				CLANG_WARN_ENUM_CONVERSION = YES;
				CLANG_WARN_INFINITE_RECURSION = YES;
				CLANG_WARN_INT_CONVERSION = YES;
				CLANG_WARN_NON_LITERAL_NULL_CONVERSION = YES;
				CLANG_WARN_OBJC_IMPLICIT_RETAIN_SELF = YES;
				CLANG_WARN_OBJC_LITERAL_CONVERSION = YES;
				CLANG_WARN_OBJC_ROOT_CLASS = YES_ERROR;
				CLANG_WARN_QUOTED_INCLUDE_IN_FRAMEWORK_HEADER = YES;
				CLANG_WARN_RANGE_LOOP_ANALYSIS = YES;
				CLANG_WARN_STRICT_PROTOTYPES = YES;
				CLANG_WARN_SUSPICIOUS_MOVE = YES;
				CLANG_WARN_UNGUARDED_AVAILABILITY = YES_AGGRESSIVE;
				CLANG_WARN_UNREACHABLE_CODE = YES;
				CLANG_WARN__DUPLICATE_METHOD_MATCH = YES;
				COPY_PHASE_STRIP = NO;
				DEBUG_INFORMATION_FORMAT = dwarf;
				ENABLE_STRICT_OBJC_MSGSEND = YES;
				ENABLE_TESTABILITY = YES;
				ENABLE_USER_SCRIPT_SANDBOXING = YES;
				GCC_C_LANGUAGE_STANDARD = gnu17;
				GCC_DYNAMIC_NO_PIC = NO;
				GCC_NO_COMMON_BLOCKS = YES;
				GCC_OPTIMIZATION_LEVEL = 0;
				GCC_PREPROCESSOR_DEFINITIONS = (
					"DEBUG=1",
					"$(inherited)",
				);
				GCC_WARN_64_TO_32_BIT_CONVERSION = YES;
				GCC_WARN_ABOUT_RETURN_TYPE = YES_ERROR;
				GCC_WARN_UNDECLARED_SELECTOR = YES;
				GCC_WARN_UNINITIALIZED_AUTOS = YES_AGGRESSIVE;
				GCC_WARN_UNUSED_FUNCTION = YES;
				GCC_WARN_UNUSED_VARIABLE = YES;
				IPHONEOS_DEPLOYMENT_TARGET = 17.2;
				LOCALIZATION_PREFERS_STRING_CATALOGS = YES;
				MTL_ENABLE_DEBUG_INFO = INCLUDE_SOURCE;
				MTL_FAST_MATH = YES;
				ONLY_ACTIVE_ARCH = YES;
				SDKROOT = iphoneos;
				SWIFT_ACTIVE_COMPILATION_CONDITIONS = "DEBUG $(inherited)";
				SWIFT_OPTIMIZATION_LEVEL = "-Onone";
			};
			name = Debug;
		};
		B964D2772B8F2011004BF878 /* Release */ = {
			isa = XCBuildConfiguration;
			buildSettings = {
				ALWAYS_SEARCH_USER_PATHS = NO;
				ASSETCATALOG_COMPILER_GENERATE_SWIFT_ASSET_SYMBOL_EXTENSIONS = YES;
				CLANG_ANALYZER_NONNULL = YES;
				CLANG_ANALYZER_NUMBER_OBJECT_CONVERSION = YES_AGGRESSIVE;
				CLANG_CXX_LANGUAGE_STANDARD = "gnu++20";
				CLANG_ENABLE_MODULES = YES;
				CLANG_ENABLE_OBJC_ARC = YES;
				CLANG_ENABLE_OBJC_WEAK = YES;
				CLANG_WARN_BLOCK_CAPTURE_AUTORELEASING = YES;
				CLANG_WARN_BOOL_CONVERSION = YES;
				CLANG_WARN_COMMA = YES;
				CLANG_WARN_CONSTANT_CONVERSION = YES;
				CLANG_WARN_DEPRECATED_OBJC_IMPLEMENTATIONS = YES;
				CLANG_WARN_DIRECT_OBJC_ISA_USAGE = YES_ERROR;
				CLANG_WARN_DOCUMENTATION_COMMENTS = YES;
				CLANG_WARN_EMPTY_BODY = YES;
				CLANG_WARN_ENUM_CONVERSION = YES;
				CLANG_WARN_INFINITE_RECURSION = YES;
				CLANG_WARN_INT_CONVERSION = YES;
				CLANG_WARN_NON_LITERAL_NULL_CONVERSION = YES;
				CLANG_WARN_OBJC_IMPLICIT_RETAIN_SELF = YES;
				CLANG_WARN_OBJC_LITERAL_CONVERSION = YES;
				CLANG_WARN_OBJC_ROOT_CLASS = YES_ERROR;
				CLANG_WARN_QUOTED_INCLUDE_IN_FRAMEWORK_HEADER = YES;
				CLANG_WARN_RANGE_LOOP_ANALYSIS = YES;
				CLANG_WARN_STRICT_PROTOTYPES = YES;
				CLANG_WARN_SUSPICIOUS_MOVE = YES;
				CLANG_WARN_UNGUARDED_AVAILABILITY = YES_AGGRESSIVE;
				CLANG_WARN_UNREACHABLE_CODE = YES;
				CLANG_WARN__DUPLICATE_METHOD_MATCH = YES;
				COPY_PHASE_STRIP = NO;
				DEBUG_INFORMATION_FORMAT = "dwarf-with-dsym";
				ENABLE_NS_ASSERTIONS = NO;
				ENABLE_STRICT_OBJC_MSGSEND = YES;
				ENABLE_USER_SCRIPT_SANDBOXING = YES;
				GCC_C_LANGUAGE_STANDARD = gnu17;
				GCC_NO_COMMON_BLOCKS = YES;
				GCC_WARN_64_TO_32_BIT_CONVERSION = YES;
				GCC_WARN_ABOUT_RETURN_TYPE = YES_ERROR;
				GCC_WARN_UNDECLARED_SELECTOR = YES;
				GCC_WARN_UNINITIALIZED_AUTOS = YES_AGGRESSIVE;
				GCC_WARN_UNUSED_FUNCTION = YES;
				GCC_WARN_UNUSED_VARIABLE = YES;
				IPHONEOS_DEPLOYMENT_TARGET = 17.2;
				LOCALIZATION_PREFERS_STRING_CATALOGS = YES;
				MTL_ENABLE_DEBUG_INFO = NO;
				MTL_FAST_MATH = YES;
				SDKROOT = iphoneos;
				SWIFT_COMPILATION_MODE = wholemodule;
				VALIDATE_PRODUCT = YES;
			};
			name = Release;
		};
		B964D2792B8F2011004BF878 /* Debug */ = {
			isa = XCBuildConfiguration;
			buildSettings = {
				ASSETCATALOG_COMPILER_APPICON_NAME = AppIcon;
				ASSETCATALOG_COMPILER_GLOBAL_ACCENT_COLOR_NAME = AccentColor;
				CODE_SIGN_STYLE = Automatic;
				CURRENT_PROJECT_VERSION = 1;
				GENERATE_INFOPLIST_FILE = YES;
				INFOPLIST_FILE = "UIKit-Animations/Info.plist";
				INFOPLIST_KEY_UIApplicationSupportsIndirectInputEvents = YES;
				INFOPLIST_KEY_UILaunchStoryboardName = LaunchScreen;
				INFOPLIST_KEY_UISupportedInterfaceOrientations_iPad = "UIInterfaceOrientationPortrait UIInterfaceOrientationPortraitUpsideDown UIInterfaceOrientationLandscapeLeft UIInterfaceOrientationLandscapeRight";
				INFOPLIST_KEY_UISupportedInterfaceOrientations_iPhone = "UIInterfaceOrientationPortrait UIInterfaceOrientationLandscapeLeft UIInterfaceOrientationLandscapeRight";
				LD_RUNPATH_SEARCH_PATHS = (
					"$(inherited)",
					"@executable_path/Frameworks",
				);
				MARKETING_VERSION = 1.0;
				PRODUCT_BUNDLE_IDENTIFIER = "ilya-Kizim.UIKit-Animations";
				PRODUCT_NAME = "$(TARGET_NAME)";
				SWIFT_EMIT_LOC_STRINGS = YES;
				SWIFT_VERSION = 5.0;
				TARGETED_DEVICE_FAMILY = "1,2";
			};
			name = Debug;
		};
		B964D27A2B8F2011004BF878 /* Release */ = {
			isa = XCBuildConfiguration;
			buildSettings = {
				ASSETCATALOG_COMPILER_APPICON_NAME = AppIcon;
				ASSETCATALOG_COMPILER_GLOBAL_ACCENT_COLOR_NAME = AccentColor;
				CODE_SIGN_STYLE = Automatic;
				CURRENT_PROJECT_VERSION = 1;
				GENERATE_INFOPLIST_FILE = YES;
				INFOPLIST_FILE = "UIKit-Animations/Info.plist";
				INFOPLIST_KEY_UIApplicationSupportsIndirectInputEvents = YES;
				INFOPLIST_KEY_UILaunchStoryboardName = LaunchScreen;
				INFOPLIST_KEY_UISupportedInterfaceOrientations_iPad = "UIInterfaceOrientationPortrait UIInterfaceOrientationPortraitUpsideDown UIInterfaceOrientationLandscapeLeft UIInterfaceOrientationLandscapeRight";
				INFOPLIST_KEY_UISupportedInterfaceOrientations_iPhone = "UIInterfaceOrientationPortrait UIInterfaceOrientationLandscapeLeft UIInterfaceOrientationLandscapeRight";
				LD_RUNPATH_SEARCH_PATHS = (
					"$(inherited)",
					"@executable_path/Frameworks",
				);
				MARKETING_VERSION = 1.0;
				PRODUCT_BUNDLE_IDENTIFIER = "ilya-Kizim.UIKit-Animations";
				PRODUCT_NAME = "$(TARGET_NAME)";
				SWIFT_EMIT_LOC_STRINGS = YES;
				SWIFT_VERSION = 5.0;
				TARGETED_DEVICE_FAMILY = "1,2";
			};
			name = Release;
		};
/* End XCBuildConfiguration section */

/* Begin XCConfigurationList section */
		B964D25F2B8F2010004BF878 /* Build configuration list for PBXProject "UIKit-Animations" */ = {
			isa = XCConfigurationList;
			buildConfigurations = (
				B964D2762B8F2011004BF878 /* Debug */,
				B964D2772B8F2011004BF878 /* Release */,
			);
			defaultConfigurationIsVisible = 0;
			defaultConfigurationName = Release;
		};
		B964D2782B8F2011004BF878 /* Build configuration list for PBXNativeTarget "UIKit-Animations" */ = {
			isa = XCConfigurationList;
			buildConfigurations = (
				B964D2792B8F2011004BF878 /* Debug */,
				B964D27A2B8F2011004BF878 /* Release */,
			);
			defaultConfigurationIsVisible = 0;
			defaultConfigurationName = Release;
		};
/* End XCConfigurationList section */
	};
	rootObject = B964D25C2B8F2010004BF878 /* Project object */;
}
